
Microsoft Visual Studio Solution File, Format Version 12.00
# Visual Studio Version 17
VisualStudioVersion = 17.5.002.0
MinimumVisualStudioVersion = 10.0.40219.1
Project("{9A19103F-16F7-4668-BE54-9A1E7A4F7556}") = "FundamentalsIII", "FundamentalsIII.csproj", "{F1F2602E-9BF0-41C7-B008-8DF3637CB6AE}"
EndProject
Global
	GlobalSection(SolutionConfigurationPlatforms) = preSolution
		Debug|Any CPU = Debug|Any CPU
		Release|Any CPU = Release|Any CPU
	EndGlobalSection
	GlobalSection(ProjectConfigurationPlatforms) = postSolution
		{F1F2602E-9BF0-41C7-B008-8DF3637CB6AE}.Debug|Any CPU.ActiveCfg = Debug|Any CPU
		{F1F2602E-9BF0-41C7-B008-8DF3637CB6AE}.Debug|Any CPU.Build.0 = Debug|Any CPU
		{F1F2602E-9BF0-41C7-B008-8DF3637CB6AE}.Release|Any CPU.ActiveCfg = Release|Any CPU
		{F1F2602E-9BF0-41C7-B008-8DF3637CB6AE}.Release|Any CPU.Build.0 = Release|Any CPU
	EndGlobalSection
	GlobalSection(SolutionProperties) = preSolution
		HideSolutionNode = FALSE
	EndGlobalSection
	GlobalSection(ExtensibilityGlobals) = postSolution
		SolutionGuid = {C2336739-384F-4A56-8A64-1D6F06A5CDD6}
	EndGlobalSection
EndGlobal
