
Microsoft Visual Studio Solution File, Format Version 12.00
# Visual Studio Version 17
VisualStudioVersion = 17.5.002.0
MinimumVisualStudioVersion = 10.0.40219.1
Project("{9A19103F-16F7-4668-BE54-9A1E7A4F7556}") = "RockPaperScissors", "RockPaperScissors.csproj", "{585D72A0-FA10-40AE-881D-60DD20EC0EBC}"
EndProject
Global
	GlobalSection(SolutionConfigurationPlatforms) = preSolution
		Debug|Any CPU = Debug|Any CPU
		Release|Any CPU = Release|Any CPU
	EndGlobalSection
	GlobalSection(ProjectConfigurationPlatforms) = postSolution
		{585D72A0-FA10-40AE-881D-60DD20EC0EBC}.Debug|Any CPU.ActiveCfg = Debug|Any CPU
		{585D72A0-FA10-40AE-881D-60DD20EC0EBC}.Debug|Any CPU.Build.0 = Debug|Any CPU
		{585D72A0-FA10-40AE-881D-60DD20EC0EBC}.Release|Any CPU.ActiveCfg = Release|Any CPU
		{585D72A0-FA10-40AE-881D-60DD20EC0EBC}.Release|Any CPU.Build.0 = Release|Any CPU
	EndGlobalSection
	GlobalSection(SolutionProperties) = preSolution
		HideSolutionNode = FALSE
	EndGlobalSection
	GlobalSection(ExtensibilityGlobals) = postSolution
		SolutionGuid = {F40D9B74-F48F-437C-9D62-F5C6F7E0EAFF}
	EndGlobalSection
EndGlobal
