
Microsoft Visual Studio Solution File, Format Version 12.00
# Visual Studio Version 17
VisualStudioVersion = 17.5.002.0
MinimumVisualStudioVersion = 10.0.40219.1
Project("{9A19103F-16F7-4668-BE54-9A1E7A4F7556}") = "FundamentalsII", "FundamentalsII.csproj", "{21632B45-72CD-4FBC-BF9C-38943F47640C}"
EndProject
Global
	GlobalSection(SolutionConfigurationPlatforms) = preSolution
		Debug|Any CPU = Debug|Any CPU
		Release|Any CPU = Release|Any CPU
	EndGlobalSection
	GlobalSection(ProjectConfigurationPlatforms) = postSolution
		{21632B45-72CD-4FBC-BF9C-38943F47640C}.Debug|Any CPU.ActiveCfg = Debug|Any CPU
		{21632B45-72CD-4FBC-BF9C-38943F47640C}.Debug|Any CPU.Build.0 = Debug|Any CPU
		{21632B45-72CD-4FBC-BF9C-38943F47640C}.Release|Any CPU.ActiveCfg = Release|Any CPU
		{21632B45-72CD-4FBC-BF9C-38943F47640C}.Release|Any CPU.Build.0 = Release|Any CPU
	EndGlobalSection
	GlobalSection(SolutionProperties) = preSolution
		HideSolutionNode = FALSE
	EndGlobalSection
	GlobalSection(ExtensibilityGlobals) = postSolution
		SolutionGuid = {A3444BBC-AC51-43F8-ABF2-FD52499A98F7}
	EndGlobalSection
EndGlobal
